
Microsoft Visual Studio Solution File, Format Version 12.00
# Visual Studio Version 17
VisualStudioVersion = 17.10.35013.160
MinimumVisualStudioVersion = 10.0.40219.1
Project("{FAE04EC0-301F-11D3-BF4B-00C04F79EFBC}") = "DataStructurs", "DataStructurs\DataStructurs.csproj", "{0C74A4EF-BF36-4542-8D73-833A611D0525}"
EndProject
Global
	GlobalSection(SolutionConfigurationPlatforms) = preSolution
		Debug|Any CPU = Debug|Any CPU
		Release|Any CPU = Release|Any CPU
	EndGlobalSection
	GlobalSection(ProjectConfigurationPlatforms) = postSolution
		{0C74A4EF-BF36-4542-8D73-833A611D0525}.Debug|Any CPU.ActiveCfg = Debug|Any CPU
		{0C74A4EF-BF36-4542-8D73-833A611D0525}.Debug|Any CPU.Build.0 = Debug|Any CPU
		{0C74A4EF-BF36-4542-8D73-833A611D0525}.Release|Any CPU.ActiveCfg = Release|Any CPU
		{0C74A4EF-BF36-4542-8D73-833A611D0525}.Release|Any CPU.Build.0 = Release|Any CPU
	EndGlobalSection
	GlobalSection(SolutionProperties) = preSolution
		HideSolutionNode = FALSE
	EndGlobalSection
	GlobalSection(ExtensibilityGlobals) = postSolution
		SolutionGuid = {08AC74E2-F3A3-49BB-BA2C-06739B06011F}
	EndGlobalSection
EndGlobal
